# THIS IS AN AUTOGENERATED FILE. DO NOT EDIT THIS FILE DIRECTLY.
# yarn lockfile v1


"@sanity/cli@^2.28.0":
  version "2.28.0"
  resolved "https://registry.yarnpkg.com/@sanity/cli/-/cli-2.28.0.tgz#bd2913e71195df0fa411730f496e36250f40d09c"
  integrity sha512-3uMn6iPscVn+Y8/X3HbbV3OzMXmuFK3xc6FnwC/cCRfh6IjAcT0NzwdviBF+Fkx1+zCeLFYxe5WYN9LlOSlePQ==
